
Microsoft Visual Studio Solution File, Format Version 12.00
# Visual Studio Version 17
VisualStudioVersion = 17.1.32319.34
MinimumVisualStudioVersion = 10.0.40219.1
Project("{FAE04EC0-301F-11D3-BF4B-00C04F79EFBC}") = "Final643450079-3", "Final643450079-3\Final643450079-3.csproj", "{2B94E6B2-7103-4B79-9D97-E4885A874085}"
EndProject
Global
	GlobalSection(SolutionConfigurationPlatforms) = preSolution
		Debug|Any CPU = Debug|Any CPU
		Release|Any CPU = Release|Any CPU
	EndGlobalSection
	GlobalSection(ProjectConfigurationPlatforms) = postSolution
		{2B94E6B2-7103-4B79-9D97-E4885A874085}.Debug|Any CPU.ActiveCfg = Debug|Any CPU
		{2B94E6B2-7103-4B79-9D97-E4885A874085}.Debug|Any CPU.Build.0 = Debug|Any CPU
		{2B94E6B2-7103-4B79-9D97-E4885A874085}.Release|Any CPU.ActiveCfg = Release|Any CPU
		{2B94E6B2-7103-4B79-9D97-E4885A874085}.Release|Any CPU.Build.0 = Release|Any CPU
	EndGlobalSection
	GlobalSection(SolutionProperties) = preSolution
		HideSolutionNode = FALSE
	EndGlobalSection
	GlobalSection(ExtensibilityGlobals) = postSolution
		SolutionGuid = {28E70BFA-D1B9-4F0C-8F55-13E286D2E5D7}
	EndGlobalSection
EndGlobal
